
Microsoft Visual Studio Solution File, Format Version 12.00
# Visual Studio Version 16
VisualStudioVersion = 16.0.28917.181
MinimumVisualStudioVersion = 15.0.26124.0
Project("{2150E333-8FDC-42A3-9474-1A3956D46DE8}") = "ProjectG.ClientService", "ProjectG.ClientService", "{F4B4327A-96EA-4C86-A389-60BC1F7ECEB4}"
EndProject
Project("{9A19103F-16F7-4668-BE54-9A1E7A4F7556}") = "ProjectG.ClientService.Web", "ProjectG.ClientService\ProjectG.ClientService.Web\ProjectG.ClientService.Web.csproj", "{A5E68760-01BB-48BC-849F-D4A68192E088}"
EndProject
Project("{2150E333-8FDC-42A3-9474-1A3956D46DE8}") = "ProjectG.OrderService", "ProjectG.OrderService", "{2A66A6B7-DC28-4EF9-9857-C814108DE242}"
EndProject
Project("{9A19103F-16F7-4668-BE54-9A1E7A4F7556}") = "ProjectG.OrderService.WriteApi", "ProjectG.OrderService\ProjectG.OrderService.WriteApi\ProjectG.OrderService.WriteApi.csproj", "{DC44B98B-22E3-44F5-85D5-7AE4DE182CD1}"
EndProject
Project("{9A19103F-16F7-4668-BE54-9A1E7A4F7556}") = "ProjectG.OrderService.ReadApi", "ProjectG.OrderService\ProjectG.OrderService.ReadApi\ProjectG.OrderService.ReadApi.csproj", "{8C99487B-1D7A-43A4-9FB3-372F6BF150A5}"
EndProject
Project("{9A19103F-16F7-4668-BE54-9A1E7A4F7556}") = "ProjectG.OrderService.Core", "ProjectG.OrderService\ProjectG.OrderService.Core\ProjectG.OrderService.Core.csproj", "{6ECBCC26-3F71-42F7-BB52-3EBB5DF279A2}"
EndProject
Project("{9A19103F-16F7-4668-BE54-9A1E7A4F7556}") = "ProjectG.OrderService.Infrastructure.Db", "ProjectG.OrderService\ProjectG.OrderService.Infrastructure.Db\ProjectG.OrderService.Infrastructure.Db.csproj", "{9E6C7821-A307-4871-8363-D9A1583B9841}"
EndProject
Project("{2150E333-8FDC-42A3-9474-1A3956D46DE8}") = "ProjectG.CustomerService", "ProjectG.CustomerService", "{EE5E4E70-D49F-42BC-9051-A55B84B37FF4}"
EndProject
Project("{9A19103F-16F7-4668-BE54-9A1E7A4F7556}") = "ProjectG.CustomerService.WriteApi", "ProjectG.CustomerService\ProjectG.CustomerService.WriteApi\ProjectG.CustomerService.WriteApi.csproj", "{99E091AA-3160-4DBB-BEB8-37AE08C8117B}"
EndProject
Project("{2150E333-8FDC-42A3-9474-1A3956D46DE8}") = "ProjectG.ProductService", "ProjectG.ProductService", "{E6F72ABA-CE3A-498B-BF3A-2265699A94B2}"
EndProject
Project("{9A19103F-16F7-4668-BE54-9A1E7A4F7556}") = "ProjectG.ProductService.ReadApi", "ProjectG.ProductService\ProjectG.ProductService.ReadApi\ProjectG.ProductService.ReadApi.csproj", "{872277FA-7B31-4BFD-BF49-7967D05BEC99}"
EndProject
Project("{2150E333-8FDC-42A3-9474-1A3956D46DE8}") = "ProjectG.BasketService", "ProjectG.BasketService", "{ABFD8E12-4F5B-4E77-880E-386FBA066771}"
EndProject
Project("{9A19103F-16F7-4668-BE54-9A1E7A4F7556}") = "ProjectG.BasketService.Api", "ProjectG.BasketService\ProjectG.BasketService.Api\ProjectG.BasketService.Api.csproj", "{F20E5EB1-33B2-42D9-914F-B25CC2FF851D}"
EndProject
Project("{9A19103F-16F7-4668-BE54-9A1E7A4F7556}") = "ProjectG.Core", "ProjectG.Core\ProjectG.Core.csproj", "{884D0D11-EBC7-49E9-A24B-3654AD95DD0C}"
EndProject
Project("{9A19103F-16F7-4668-BE54-9A1E7A4F7556}") = "ProjectG.ProductService.WriteApi", "ProjectG.ProductService\ProjectG.ProductService.WriteApi\ProjectG.ProductService.WriteApi.csproj", "{FC756113-BAC8-41EB-BF1A-8888B1ABFA2A}"
EndProject
Project("{9A19103F-16F7-4668-BE54-9A1E7A4F7556}") = "ProjectG.ProductService.Core", "ProjectG.ProductService\ProjectG.ProductService.Core\ProjectG.ProductService.Core.csproj", "{A672A845-FF01-4645-BB76-EC8CF3BB688E}"
EndProject
Project("{9A19103F-16F7-4668-BE54-9A1E7A4F7556}") = "ProjectG.ProductService.Infrastructure.Db", "ProjectG.ProductService\ProjectG.ProductService.Infrastructure.Db\ProjectG.ProductService.Infrastructure.Db.csproj", "{9EAE2A87-0D3F-4E50-BCDB-F604ADA407AE}"
EndProject
Project("{9A19103F-16F7-4668-BE54-9A1E7A4F7556}") = "ProjectG.CustomerService.Core", "ProjectG.CustomerService\ProjectG.CustomerService.Core\ProjectG.CustomerService.Core.csproj", "{E1168CB2-438F-461B-93A0-C407C70237AB}"
EndProject
Project("{9A19103F-16F7-4668-BE54-9A1E7A4F7556}") = "ProjectG.CustomerService.Infrastructure.Db", "ProjectG.CustomerService\ProjectG.CustomerService.Infrastructure.Db\ProjectG.CustomerService.Infrastructure.Db.csproj", "{A5740716-9322-4D65-A094-E1A7425030CA}"
EndProject
Project("{9A19103F-16F7-4668-BE54-9A1E7A4F7556}") = "ProjectG.CustomerService.ReadApi", "ProjectG.CustomerService\ProjectG.CustomerService.ReadApi\ProjectG.CustomerService.ReadApi.csproj", "{E60E3C54-193A-4E10-9678-3E9195C6B96A}"
EndProject
Project("{9A19103F-16F7-4668-BE54-9A1E7A4F7556}") = "ProjectG.ProductService.Infrastructure.Cache", "ProjectG.ProductService\ProjectG.ProductService.Infrastructure.Cache\ProjectG.ProductService.Infrastructure.Cache.csproj", "{B993BC74-4A78-4EFA-A082-6A0DC435DAC6}"
EndProject
Project("{9A19103F-16F7-4668-BE54-9A1E7A4F7556}") = "ProjectG.ProductService.Infrastructure", "ProjectG.ProductService\ProjectG.ProductService.Infrastructure\ProjectG.ProductService.Infrastructure.csproj", "{5FBE1B5D-F056-4E3B-879C-6C93C91BED0C}"
EndProject
Project("{9A19103F-16F7-4668-BE54-9A1E7A4F7556}") = "ProjectG.BasketService.Core", "ProjectG.BasketService\ProjectG.BasketService.Core\ProjectG.BasketService.Core.csproj", "{FA2EFF75-8A3B-4236-A110-B72E1937C843}"
EndProject
Project("{9A19103F-16F7-4668-BE54-9A1E7A4F7556}") = "ProjectG.BasketService.Infrastructure.Db", "ProjectG.BasketService\ProjectG.BasketService.Infrastructure.Db\ProjectG.BasketService.Infrastructure.Db.csproj", "{F24A80DE-D3E3-4844-BDC1-08EAF8472A85}"
EndProject
Project("{9A19103F-16F7-4668-BE54-9A1E7A4F7556}") = "ProjectG.BasketService.Infrastructure", "ProjectG.BasketService\ProjectG.BasketService.Infrastructure\ProjectG.BasketService.Infrastructure.csproj", "{37C4BBC7-8E4B-4E31-9627-D378573A35B4}"
EndProject
Project("{9A19103F-16F7-4668-BE54-9A1E7A4F7556}") = "ProjectG.ClientService.Infrastructure.CustomerApi", "ProjectG.ClientService\ProjectG.ClientService.Infrastructure.CustomerApi\ProjectG.ClientService.Infrastructure.CustomerApi.csproj", "{14D02EF1-4911-4FC9-91F8-F53E8CBEDF8C}"
EndProject
Project("{9A19103F-16F7-4668-BE54-9A1E7A4F7556}") = "ProjectG.ClientService.Infrastructure", "ProjectG.ClientService\ProjectG.ClientService.Infrastructure\ProjectG.ClientService.Infrastructure.csproj", "{696AE050-432E-4D9E-9BE0-4F51CB832E75}"
EndProject
Project("{9A19103F-16F7-4668-BE54-9A1E7A4F7556}") = "ProjectG.ClientService.Infrastructure.BasketApi", "ProjectG.ClientService\ProjectG.ClientService.Infrastructure.BasketApi\ProjectG.ClientService.Infrastructure.BasketApi.csproj", "{F7F58732-1BCE-4FD9-803E-3CA7703F7CA8}"
EndProject
Project("{9A19103F-16F7-4668-BE54-9A1E7A4F7556}") = "ProjectG.ClientService.Infrastructure.ProductApi", "ProjectG.ClientService\ProjectG.ClientService.Infrastructure.ProductApi\ProjectG.ClientService.Infrastructure.ProductApi.csproj", "{B79AC1B0-D756-4825-9D4B-DFB294FC8139}"
EndProject
Project("{FAE04EC0-301F-11D3-BF4B-00C04F79EFBC}") = "ProjectG.BasketService.Infrastructure.ProductApi", "ProjectG.BasketService\ProjectG.BasketService.Infrastructure.ProductApi\ProjectG.BasketService.Infrastructure.ProductApi.csproj", "{2AEE593C-8F95-4DCA-9757-178F124DD570}"
EndProject
Global
	GlobalSection(SolutionConfigurationPlatforms) = preSolution
		Debug|Any CPU = Debug|Any CPU
		Debug|x64 = Debug|x64
		Debug|x86 = Debug|x86
		Release|Any CPU = Release|Any CPU
		Release|x64 = Release|x64
		Release|x86 = Release|x86
	EndGlobalSection
	GlobalSection(ProjectConfigurationPlatforms) = postSolution
		{A5E68760-01BB-48BC-849F-D4A68192E088}.Debug|Any CPU.ActiveCfg = Debug|Any CPU
		{A5E68760-01BB-48BC-849F-D4A68192E088}.Debug|Any CPU.Build.0 = Debug|Any CPU
		{A5E68760-01BB-48BC-849F-D4A68192E088}.Debug|x64.ActiveCfg = Debug|Any CPU
		{A5E68760-01BB-48BC-849F-D4A68192E088}.Debug|x64.Build.0 = Debug|Any CPU
		{A5E68760-01BB-48BC-849F-D4A68192E088}.Debug|x86.ActiveCfg = Debug|Any CPU
		{A5E68760-01BB-48BC-849F-D4A68192E088}.Debug|x86.Build.0 = Debug|Any CPU
		{A5E68760-01BB-48BC-849F-D4A68192E088}.Release|Any CPU.ActiveCfg = Release|Any CPU
		{A5E68760-01BB-48BC-849F-D4A68192E088}.Release|Any CPU.Build.0 = Release|Any CPU
		{A5E68760-01BB-48BC-849F-D4A68192E088}.Release|x64.ActiveCfg = Release|Any CPU
		{A5E68760-01BB-48BC-849F-D4A68192E088}.Release|x64.Build.0 = Release|Any CPU
		{A5E68760-01BB-48BC-849F-D4A68192E088}.Release|x86.ActiveCfg = Release|Any CPU
		{A5E68760-01BB-48BC-849F-D4A68192E088}.Release|x86.Build.0 = Release|Any CPU
		{DC44B98B-22E3-44F5-85D5-7AE4DE182CD1}.Debug|Any CPU.ActiveCfg = Debug|Any CPU
		{DC44B98B-22E3-44F5-85D5-7AE4DE182CD1}.Debug|Any CPU.Build.0 = Debug|Any CPU
		{DC44B98B-22E3-44F5-85D5-7AE4DE182CD1}.Debug|x64.ActiveCfg = Debug|Any CPU
		{DC44B98B-22E3-44F5-85D5-7AE4DE182CD1}.Debug|x64.Build.0 = Debug|Any CPU
		{DC44B98B-22E3-44F5-85D5-7AE4DE182CD1}.Debug|x86.ActiveCfg = Debug|Any CPU
		{DC44B98B-22E3-44F5-85D5-7AE4DE182CD1}.Debug|x86.Build.0 = Debug|Any CPU
		{DC44B98B-22E3-44F5-85D5-7AE4DE182CD1}.Release|Any CPU.ActiveCfg = Release|Any CPU
		{DC44B98B-22E3-44F5-85D5-7AE4DE182CD1}.Release|Any CPU.Build.0 = Release|Any CPU
		{DC44B98B-22E3-44F5-85D5-7AE4DE182CD1}.Release|x64.ActiveCfg = Release|Any CPU
		{DC44B98B-22E3-44F5-85D5-7AE4DE182CD1}.Release|x64.Build.0 = Release|Any CPU
		{DC44B98B-22E3-44F5-85D5-7AE4DE182CD1}.Release|x86.ActiveCfg = Release|Any CPU
		{DC44B98B-22E3-44F5-85D5-7AE4DE182CD1}.Release|x86.Build.0 = Release|Any CPU
		{8C99487B-1D7A-43A4-9FB3-372F6BF150A5}.Debug|Any CPU.ActiveCfg = Debug|Any CPU
		{8C99487B-1D7A-43A4-9FB3-372F6BF150A5}.Debug|Any CPU.Build.0 = Debug|Any CPU
		{8C99487B-1D7A-43A4-9FB3-372F6BF150A5}.Debug|x64.ActiveCfg = Debug|Any CPU
		{8C99487B-1D7A-43A4-9FB3-372F6BF150A5}.Debug|x64.Build.0 = Debug|Any CPU
		{8C99487B-1D7A-43A4-9FB3-372F6BF150A5}.Debug|x86.ActiveCfg = Debug|Any CPU
		{8C99487B-1D7A-43A4-9FB3-372F6BF150A5}.Debug|x86.Build.0 = Debug|Any CPU
		{8C99487B-1D7A-43A4-9FB3-372F6BF150A5}.Release|Any CPU.ActiveCfg = Release|Any CPU
		{8C99487B-1D7A-43A4-9FB3-372F6BF150A5}.Release|Any CPU.Build.0 = Release|Any CPU
		{8C99487B-1D7A-43A4-9FB3-372F6BF150A5}.Release|x64.ActiveCfg = Release|Any CPU
		{8C99487B-1D7A-43A4-9FB3-372F6BF150A5}.Release|x64.Build.0 = Release|Any CPU
		{8C99487B-1D7A-43A4-9FB3-372F6BF150A5}.Release|x86.ActiveCfg = Release|Any CPU
		{8C99487B-1D7A-43A4-9FB3-372F6BF150A5}.Release|x86.Build.0 = Release|Any CPU
		{6ECBCC26-3F71-42F7-BB52-3EBB5DF279A2}.Debug|Any CPU.ActiveCfg = Debug|Any CPU
		{6ECBCC26-3F71-42F7-BB52-3EBB5DF279A2}.Debug|Any CPU.Build.0 = Debug|Any CPU
		{6ECBCC26-3F71-42F7-BB52-3EBB5DF279A2}.Debug|x64.ActiveCfg = Debug|Any CPU
		{6ECBCC26-3F71-42F7-BB52-3EBB5DF279A2}.Debug|x64.Build.0 = Debug|Any CPU
		{6ECBCC26-3F71-42F7-BB52-3EBB5DF279A2}.Debug|x86.ActiveCfg = Debug|Any CPU
		{6ECBCC26-3F71-42F7-BB52-3EBB5DF279A2}.Debug|x86.Build.0 = Debug|Any CPU
		{6ECBCC26-3F71-42F7-BB52-3EBB5DF279A2}.Release|Any CPU.ActiveCfg = Release|Any CPU
		{6ECBCC26-3F71-42F7-BB52-3EBB5DF279A2}.Release|Any CPU.Build.0 = Release|Any CPU
		{6ECBCC26-3F71-42F7-BB52-3EBB5DF279A2}.Release|x64.ActiveCfg = Release|Any CPU
		{6ECBCC26-3F71-42F7-BB52-3EBB5DF279A2}.Release|x64.Build.0 = Release|Any CPU
		{6ECBCC26-3F71-42F7-BB52-3EBB5DF279A2}.Release|x86.ActiveCfg = Release|Any CPU
		{6ECBCC26-3F71-42F7-BB52-3EBB5DF279A2}.Release|x86.Build.0 = Release|Any CPU
		{9E6C7821-A307-4871-8363-D9A1583B9841}.Debug|Any CPU.ActiveCfg = Debug|Any CPU
		{9E6C7821-A307-4871-8363-D9A1583B9841}.Debug|Any CPU.Build.0 = Debug|Any CPU
		{9E6C7821-A307-4871-8363-D9A1583B9841}.Debug|x64.ActiveCfg = Debug|Any CPU
		{9E6C7821-A307-4871-8363-D9A1583B9841}.Debug|x64.Build.0 = Debug|Any CPU
		{9E6C7821-A307-4871-8363-D9A1583B9841}.Debug|x86.ActiveCfg = Debug|Any CPU
		{9E6C7821-A307-4871-8363-D9A1583B9841}.Debug|x86.Build.0 = Debug|Any CPU
		{9E6C7821-A307-4871-8363-D9A1583B9841}.Release|Any CPU.ActiveCfg = Release|Any CPU
		{9E6C7821-A307-4871-8363-D9A1583B9841}.Release|Any CPU.Build.0 = Release|Any CPU
		{9E6C7821-A307-4871-8363-D9A1583B9841}.Release|x64.ActiveCfg = Release|Any CPU
		{9E6C7821-A307-4871-8363-D9A1583B9841}.Release|x64.Build.0 = Release|Any CPU
		{9E6C7821-A307-4871-8363-D9A1583B9841}.Release|x86.ActiveCfg = Release|Any CPU
		{9E6C7821-A307-4871-8363-D9A1583B9841}.Release|x86.Build.0 = Release|Any CPU
		{99E091AA-3160-4DBB-BEB8-37AE08C8117B}.Debug|Any CPU.ActiveCfg = Debug|Any CPU
		{99E091AA-3160-4DBB-BEB8-37AE08C8117B}.Debug|Any CPU.Build.0 = Debug|Any CPU
		{99E091AA-3160-4DBB-BEB8-37AE08C8117B}.Debug|x64.ActiveCfg = Debug|Any CPU
		{99E091AA-3160-4DBB-BEB8-37AE08C8117B}.Debug|x64.Build.0 = Debug|Any CPU
		{99E091AA-3160-4DBB-BEB8-37AE08C8117B}.Debug|x86.ActiveCfg = Debug|Any CPU
		{99E091AA-3160-4DBB-BEB8-37AE08C8117B}.Debug|x86.Build.0 = Debug|Any CPU
		{99E091AA-3160-4DBB-BEB8-37AE08C8117B}.Release|Any CPU.ActiveCfg = Release|Any CPU
		{99E091AA-3160-4DBB-BEB8-37AE08C8117B}.Release|Any CPU.Build.0 = Release|Any CPU
		{99E091AA-3160-4DBB-BEB8-37AE08C8117B}.Release|x64.ActiveCfg = Release|Any CPU
		{99E091AA-3160-4DBB-BEB8-37AE08C8117B}.Release|x64.Build.0 = Release|Any CPU
		{99E091AA-3160-4DBB-BEB8-37AE08C8117B}.Release|x86.ActiveCfg = Release|Any CPU
		{99E091AA-3160-4DBB-BEB8-37AE08C8117B}.Release|x86.Build.0 = Release|Any CPU
		{872277FA-7B31-4BFD-BF49-7967D05BEC99}.Debug|Any CPU.ActiveCfg = Debug|Any CPU
		{872277FA-7B31-4BFD-BF49-7967D05BEC99}.Debug|Any CPU.Build.0 = Debug|Any CPU
		{872277FA-7B31-4BFD-BF49-7967D05BEC99}.Debug|x64.ActiveCfg = Debug|Any CPU
		{872277FA-7B31-4BFD-BF49-7967D05BEC99}.Debug|x64.Build.0 = Debug|Any CPU
		{872277FA-7B31-4BFD-BF49-7967D05BEC99}.Debug|x86.ActiveCfg = Debug|Any CPU
		{872277FA-7B31-4BFD-BF49-7967D05BEC99}.Debug|x86.Build.0 = Debug|Any CPU
		{872277FA-7B31-4BFD-BF49-7967D05BEC99}.Release|Any CPU.ActiveCfg = Release|Any CPU
		{872277FA-7B31-4BFD-BF49-7967D05BEC99}.Release|Any CPU.Build.0 = Release|Any CPU
		{872277FA-7B31-4BFD-BF49-7967D05BEC99}.Release|x64.ActiveCfg = Release|Any CPU
		{872277FA-7B31-4BFD-BF49-7967D05BEC99}.Release|x64.Build.0 = Release|Any CPU
		{872277FA-7B31-4BFD-BF49-7967D05BEC99}.Release|x86.ActiveCfg = Release|Any CPU
		{872277FA-7B31-4BFD-BF49-7967D05BEC99}.Release|x86.Build.0 = Release|Any CPU
		{F20E5EB1-33B2-42D9-914F-B25CC2FF851D}.Debug|Any CPU.ActiveCfg = Debug|Any CPU
		{F20E5EB1-33B2-42D9-914F-B25CC2FF851D}.Debug|Any CPU.Build.0 = Debug|Any CPU
		{F20E5EB1-33B2-42D9-914F-B25CC2FF851D}.Debug|x64.ActiveCfg = Debug|Any CPU
		{F20E5EB1-33B2-42D9-914F-B25CC2FF851D}.Debug|x64.Build.0 = Debug|Any CPU
		{F20E5EB1-33B2-42D9-914F-B25CC2FF851D}.Debug|x86.ActiveCfg = Debug|Any CPU
		{F20E5EB1-33B2-42D9-914F-B25CC2FF851D}.Debug|x86.Build.0 = Debug|Any CPU
		{F20E5EB1-33B2-42D9-914F-B25CC2FF851D}.Release|Any CPU.ActiveCfg = Release|Any CPU
		{F20E5EB1-33B2-42D9-914F-B25CC2FF851D}.Release|Any CPU.Build.0 = Release|Any CPU
		{F20E5EB1-33B2-42D9-914F-B25CC2FF851D}.Release|x64.ActiveCfg = Release|Any CPU
		{F20E5EB1-33B2-42D9-914F-B25CC2FF851D}.Release|x64.Build.0 = Release|Any CPU
		{F20E5EB1-33B2-42D9-914F-B25CC2FF851D}.Release|x86.ActiveCfg = Release|Any CPU
		{F20E5EB1-33B2-42D9-914F-B25CC2FF851D}.Release|x86.Build.0 = Release|Any CPU
		{884D0D11-EBC7-49E9-A24B-3654AD95DD0C}.Debug|Any CPU.ActiveCfg = Debug|Any CPU
		{884D0D11-EBC7-49E9-A24B-3654AD95DD0C}.Debug|Any CPU.Build.0 = Debug|Any CPU
		{884D0D11-EBC7-49E9-A24B-3654AD95DD0C}.Debug|x64.ActiveCfg = Debug|Any CPU
		{884D0D11-EBC7-49E9-A24B-3654AD95DD0C}.Debug|x64.Build.0 = Debug|Any CPU
		{884D0D11-EBC7-49E9-A24B-3654AD95DD0C}.Debug|x86.ActiveCfg = Debug|Any CPU
		{884D0D11-EBC7-49E9-A24B-3654AD95DD0C}.Debug|x86.Build.0 = Debug|Any CPU
		{884D0D11-EBC7-49E9-A24B-3654AD95DD0C}.Release|Any CPU.ActiveCfg = Release|Any CPU
		{884D0D11-EBC7-49E9-A24B-3654AD95DD0C}.Release|Any CPU.Build.0 = Release|Any CPU
		{884D0D11-EBC7-49E9-A24B-3654AD95DD0C}.Release|x64.ActiveCfg = Release|Any CPU
		{884D0D11-EBC7-49E9-A24B-3654AD95DD0C}.Release|x64.Build.0 = Release|Any CPU
		{884D0D11-EBC7-49E9-A24B-3654AD95DD0C}.Release|x86.ActiveCfg = Release|Any CPU
		{884D0D11-EBC7-49E9-A24B-3654AD95DD0C}.Release|x86.Build.0 = Release|Any CPU
		{FC756113-BAC8-41EB-BF1A-8888B1ABFA2A}.Debug|Any CPU.ActiveCfg = Debug|Any CPU
		{FC756113-BAC8-41EB-BF1A-8888B1ABFA2A}.Debug|Any CPU.Build.0 = Debug|Any CPU
		{FC756113-BAC8-41EB-BF1A-8888B1ABFA2A}.Debug|x64.ActiveCfg = Debug|Any CPU
		{FC756113-BAC8-41EB-BF1A-8888B1ABFA2A}.Debug|x64.Build.0 = Debug|Any CPU
		{FC756113-BAC8-41EB-BF1A-8888B1ABFA2A}.Debug|x86.ActiveCfg = Debug|Any CPU
		{FC756113-BAC8-41EB-BF1A-8888B1ABFA2A}.Debug|x86.Build.0 = Debug|Any CPU
		{FC756113-BAC8-41EB-BF1A-8888B1ABFA2A}.Release|Any CPU.ActiveCfg = Release|Any CPU
		{FC756113-BAC8-41EB-BF1A-8888B1ABFA2A}.Release|Any CPU.Build.0 = Release|Any CPU
		{FC756113-BAC8-41EB-BF1A-8888B1ABFA2A}.Release|x64.ActiveCfg = Release|Any CPU
		{FC756113-BAC8-41EB-BF1A-8888B1ABFA2A}.Release|x64.Build.0 = Release|Any CPU
		{FC756113-BAC8-41EB-BF1A-8888B1ABFA2A}.Release|x86.ActiveCfg = Release|Any CPU
		{FC756113-BAC8-41EB-BF1A-8888B1ABFA2A}.Release|x86.Build.0 = Release|Any CPU
		{A672A845-FF01-4645-BB76-EC8CF3BB688E}.Debug|Any CPU.ActiveCfg = Debug|Any CPU
		{A672A845-FF01-4645-BB76-EC8CF3BB688E}.Debug|Any CPU.Build.0 = Debug|Any CPU
		{A672A845-FF01-4645-BB76-EC8CF3BB688E}.Debug|x64.ActiveCfg = Debug|Any CPU
		{A672A845-FF01-4645-BB76-EC8CF3BB688E}.Debug|x64.Build.0 = Debug|Any CPU
		{A672A845-FF01-4645-BB76-EC8CF3BB688E}.Debug|x86.ActiveCfg = Debug|Any CPU
		{A672A845-FF01-4645-BB76-EC8CF3BB688E}.Debug|x86.Build.0 = Debug|Any CPU
		{A672A845-FF01-4645-BB76-EC8CF3BB688E}.Release|Any CPU.ActiveCfg = Release|Any CPU
		{A672A845-FF01-4645-BB76-EC8CF3BB688E}.Release|Any CPU.Build.0 = Release|Any CPU
		{A672A845-FF01-4645-BB76-EC8CF3BB688E}.Release|x64.ActiveCfg = Release|Any CPU
		{A672A845-FF01-4645-BB76-EC8CF3BB688E}.Release|x64.Build.0 = Release|Any CPU
		{A672A845-FF01-4645-BB76-EC8CF3BB688E}.Release|x86.ActiveCfg = Release|Any CPU
		{A672A845-FF01-4645-BB76-EC8CF3BB688E}.Release|x86.Build.0 = Release|Any CPU
		{9EAE2A87-0D3F-4E50-BCDB-F604ADA407AE}.Debug|Any CPU.ActiveCfg = Debug|Any CPU
		{9EAE2A87-0D3F-4E50-BCDB-F604ADA407AE}.Debug|Any CPU.Build.0 = Debug|Any CPU
		{9EAE2A87-0D3F-4E50-BCDB-F604ADA407AE}.Debug|x64.ActiveCfg = Debug|Any CPU
		{9EAE2A87-0D3F-4E50-BCDB-F604ADA407AE}.Debug|x64.Build.0 = Debug|Any CPU
		{9EAE2A87-0D3F-4E50-BCDB-F604ADA407AE}.Debug|x86.ActiveCfg = Debug|Any CPU
		{9EAE2A87-0D3F-4E50-BCDB-F604ADA407AE}.Debug|x86.Build.0 = Debug|Any CPU
		{9EAE2A87-0D3F-4E50-BCDB-F604ADA407AE}.Release|Any CPU.ActiveCfg = Release|Any CPU
		{9EAE2A87-0D3F-4E50-BCDB-F604ADA407AE}.Release|Any CPU.Build.0 = Release|Any CPU
		{9EAE2A87-0D3F-4E50-BCDB-F604ADA407AE}.Release|x64.ActiveCfg = Release|Any CPU
		{9EAE2A87-0D3F-4E50-BCDB-F604ADA407AE}.Release|x64.Build.0 = Release|Any CPU
		{9EAE2A87-0D3F-4E50-BCDB-F604ADA407AE}.Release|x86.ActiveCfg = Release|Any CPU
		{9EAE2A87-0D3F-4E50-BCDB-F604ADA407AE}.Release|x86.Build.0 = Release|Any CPU
		{E1168CB2-438F-461B-93A0-C407C70237AB}.Debug|Any CPU.ActiveCfg = Debug|Any CPU
		{E1168CB2-438F-461B-93A0-C407C70237AB}.Debug|Any CPU.Build.0 = Debug|Any CPU
		{E1168CB2-438F-461B-93A0-C407C70237AB}.Debug|x64.ActiveCfg = Debug|Any CPU
		{E1168CB2-438F-461B-93A0-C407C70237AB}.Debug|x64.Build.0 = Debug|Any CPU
		{E1168CB2-438F-461B-93A0-C407C70237AB}.Debug|x86.ActiveCfg = Debug|Any CPU
		{E1168CB2-438F-461B-93A0-C407C70237AB}.Debug|x86.Build.0 = Debug|Any CPU
		{E1168CB2-438F-461B-93A0-C407C70237AB}.Release|Any CPU.ActiveCfg = Release|Any CPU
		{E1168CB2-438F-461B-93A0-C407C70237AB}.Release|Any CPU.Build.0 = Release|Any CPU
		{E1168CB2-438F-461B-93A0-C407C70237AB}.Release|x64.ActiveCfg = Release|Any CPU
		{E1168CB2-438F-461B-93A0-C407C70237AB}.Release|x64.Build.0 = Release|Any CPU
		{E1168CB2-438F-461B-93A0-C407C70237AB}.Release|x86.ActiveCfg = Release|Any CPU
		{E1168CB2-438F-461B-93A0-C407C70237AB}.Release|x86.Build.0 = Release|Any CPU
		{A5740716-9322-4D65-A094-E1A7425030CA}.Debug|Any CPU.ActiveCfg = Debug|Any CPU
		{A5740716-9322-4D65-A094-E1A7425030CA}.Debug|Any CPU.Build.0 = Debug|Any CPU
		{A5740716-9322-4D65-A094-E1A7425030CA}.Debug|x64.ActiveCfg = Debug|Any CPU
		{A5740716-9322-4D65-A094-E1A7425030CA}.Debug|x64.Build.0 = Debug|Any CPU
		{A5740716-9322-4D65-A094-E1A7425030CA}.Debug|x86.ActiveCfg = Debug|Any CPU
		{A5740716-9322-4D65-A094-E1A7425030CA}.Debug|x86.Build.0 = Debug|Any CPU
		{A5740716-9322-4D65-A094-E1A7425030CA}.Release|Any CPU.ActiveCfg = Release|Any CPU
		{A5740716-9322-4D65-A094-E1A7425030CA}.Release|Any CPU.Build.0 = Release|Any CPU
		{A5740716-9322-4D65-A094-E1A7425030CA}.Release|x64.ActiveCfg = Release|Any CPU
		{A5740716-9322-4D65-A094-E1A7425030CA}.Release|x64.Build.0 = Release|Any CPU
		{A5740716-9322-4D65-A094-E1A7425030CA}.Release|x86.ActiveCfg = Release|Any CPU
		{A5740716-9322-4D65-A094-E1A7425030CA}.Release|x86.Build.0 = Release|Any CPU
		{E60E3C54-193A-4E10-9678-3E9195C6B96A}.Debug|Any CPU.ActiveCfg = Debug|Any CPU
		{E60E3C54-193A-4E10-9678-3E9195C6B96A}.Debug|Any CPU.Build.0 = Debug|Any CPU
		{E60E3C54-193A-4E10-9678-3E9195C6B96A}.Debug|x64.ActiveCfg = Debug|Any CPU
		{E60E3C54-193A-4E10-9678-3E9195C6B96A}.Debug|x64.Build.0 = Debug|Any CPU
		{E60E3C54-193A-4E10-9678-3E9195C6B96A}.Debug|x86.ActiveCfg = Debug|Any CPU
		{E60E3C54-193A-4E10-9678-3E9195C6B96A}.Debug|x86.Build.0 = Debug|Any CPU
		{E60E3C54-193A-4E10-9678-3E9195C6B96A}.Release|Any CPU.ActiveCfg = Release|Any CPU
		{E60E3C54-193A-4E10-9678-3E9195C6B96A}.Release|Any CPU.Build.0 = Release|Any CPU
		{E60E3C54-193A-4E10-9678-3E9195C6B96A}.Release|x64.ActiveCfg = Release|Any CPU
		{E60E3C54-193A-4E10-9678-3E9195C6B96A}.Release|x64.Build.0 = Release|Any CPU
		{E60E3C54-193A-4E10-9678-3E9195C6B96A}.Release|x86.ActiveCfg = Release|Any CPU
		{E60E3C54-193A-4E10-9678-3E9195C6B96A}.Release|x86.Build.0 = Release|Any CPU
		{B993BC74-4A78-4EFA-A082-6A0DC435DAC6}.Debug|Any CPU.ActiveCfg = Debug|Any CPU
		{B993BC74-4A78-4EFA-A082-6A0DC435DAC6}.Debug|Any CPU.Build.0 = Debug|Any CPU
		{B993BC74-4A78-4EFA-A082-6A0DC435DAC6}.Debug|x64.ActiveCfg = Debug|Any CPU
		{B993BC74-4A78-4EFA-A082-6A0DC435DAC6}.Debug|x64.Build.0 = Debug|Any CPU
		{B993BC74-4A78-4EFA-A082-6A0DC435DAC6}.Debug|x86.ActiveCfg = Debug|Any CPU
		{B993BC74-4A78-4EFA-A082-6A0DC435DAC6}.Debug|x86.Build.0 = Debug|Any CPU
		{B993BC74-4A78-4EFA-A082-6A0DC435DAC6}.Release|Any CPU.ActiveCfg = Release|Any CPU
		{B993BC74-4A78-4EFA-A082-6A0DC435DAC6}.Release|Any CPU.Build.0 = Release|Any CPU
		{B993BC74-4A78-4EFA-A082-6A0DC435DAC6}.Release|x64.ActiveCfg = Release|Any CPU
		{B993BC74-4A78-4EFA-A082-6A0DC435DAC6}.Release|x64.Build.0 = Release|Any CPU
		{B993BC74-4A78-4EFA-A082-6A0DC435DAC6}.Release|x86.ActiveCfg = Release|Any CPU
		{B993BC74-4A78-4EFA-A082-6A0DC435DAC6}.Release|x86.Build.0 = Release|Any CPU
		{5FBE1B5D-F056-4E3B-879C-6C93C91BED0C}.Debug|Any CPU.ActiveCfg = Debug|Any CPU
		{5FBE1B5D-F056-4E3B-879C-6C93C91BED0C}.Debug|Any CPU.Build.0 = Debug|Any CPU
		{5FBE1B5D-F056-4E3B-879C-6C93C91BED0C}.Debug|x64.ActiveCfg = Debug|Any CPU
		{5FBE1B5D-F056-4E3B-879C-6C93C91BED0C}.Debug|x64.Build.0 = Debug|Any CPU
		{5FBE1B5D-F056-4E3B-879C-6C93C91BED0C}.Debug|x86.ActiveCfg = Debug|Any CPU
		{5FBE1B5D-F056-4E3B-879C-6C93C91BED0C}.Debug|x86.Build.0 = Debug|Any CPU
		{5FBE1B5D-F056-4E3B-879C-6C93C91BED0C}.Release|Any CPU.ActiveCfg = Release|Any CPU
		{5FBE1B5D-F056-4E3B-879C-6C93C91BED0C}.Release|Any CPU.Build.0 = Release|Any CPU
		{5FBE1B5D-F056-4E3B-879C-6C93C91BED0C}.Release|x64.ActiveCfg = Release|Any CPU
		{5FBE1B5D-F056-4E3B-879C-6C93C91BED0C}.Release|x64.Build.0 = Release|Any CPU
		{5FBE1B5D-F056-4E3B-879C-6C93C91BED0C}.Release|x86.ActiveCfg = Release|Any CPU
		{5FBE1B5D-F056-4E3B-879C-6C93C91BED0C}.Release|x86.Build.0 = Release|Any CPU
		{FA2EFF75-8A3B-4236-A110-B72E1937C843}.Debug|Any CPU.ActiveCfg = Debug|Any CPU
		{FA2EFF75-8A3B-4236-A110-B72E1937C843}.Debug|Any CPU.Build.0 = Debug|Any CPU
		{FA2EFF75-8A3B-4236-A110-B72E1937C843}.Debug|x64.ActiveCfg = Debug|Any CPU
		{FA2EFF75-8A3B-4236-A110-B72E1937C843}.Debug|x64.Build.0 = Debug|Any CPU
		{FA2EFF75-8A3B-4236-A110-B72E1937C843}.Debug|x86.ActiveCfg = Debug|Any CPU
		{FA2EFF75-8A3B-4236-A110-B72E1937C843}.Debug|x86.Build.0 = Debug|Any CPU
		{FA2EFF75-8A3B-4236-A110-B72E1937C843}.Release|Any CPU.ActiveCfg = Release|Any CPU
		{FA2EFF75-8A3B-4236-A110-B72E1937C843}.Release|Any CPU.Build.0 = Release|Any CPU
		{FA2EFF75-8A3B-4236-A110-B72E1937C843}.Release|x64.ActiveCfg = Release|Any CPU
		{FA2EFF75-8A3B-4236-A110-B72E1937C843}.Release|x64.Build.0 = Release|Any CPU
		{FA2EFF75-8A3B-4236-A110-B72E1937C843}.Release|x86.ActiveCfg = Release|Any CPU
		{FA2EFF75-8A3B-4236-A110-B72E1937C843}.Release|x86.Build.0 = Release|Any CPU
		{F24A80DE-D3E3-4844-BDC1-08EAF8472A85}.Debug|Any CPU.ActiveCfg = Debug|Any CPU
		{F24A80DE-D3E3-4844-BDC1-08EAF8472A85}.Debug|Any CPU.Build.0 = Debug|Any CPU
		{F24A80DE-D3E3-4844-BDC1-08EAF8472A85}.Debug|x64.ActiveCfg = Debug|Any CPU
		{F24A80DE-D3E3-4844-BDC1-08EAF8472A85}.Debug|x64.Build.0 = Debug|Any CPU
		{F24A80DE-D3E3-4844-BDC1-08EAF8472A85}.Debug|x86.ActiveCfg = Debug|Any CPU
		{F24A80DE-D3E3-4844-BDC1-08EAF8472A85}.Debug|x86.Build.0 = Debug|Any CPU
		{F24A80DE-D3E3-4844-BDC1-08EAF8472A85}.Release|Any CPU.ActiveCfg = Release|Any CPU
		{F24A80DE-D3E3-4844-BDC1-08EAF8472A85}.Release|Any CPU.Build.0 = Release|Any CPU
		{F24A80DE-D3E3-4844-BDC1-08EAF8472A85}.Release|x64.ActiveCfg = Release|Any CPU
		{F24A80DE-D3E3-4844-BDC1-08EAF8472A85}.Release|x64.Build.0 = Release|Any CPU
		{F24A80DE-D3E3-4844-BDC1-08EAF8472A85}.Release|x86.ActiveCfg = Release|Any CPU
		{F24A80DE-D3E3-4844-BDC1-08EAF8472A85}.Release|x86.Build.0 = Release|Any CPU
		{37C4BBC7-8E4B-4E31-9627-D378573A35B4}.Debug|Any CPU.ActiveCfg = Debug|Any CPU
		{37C4BBC7-8E4B-4E31-9627-D378573A35B4}.Debug|Any CPU.Build.0 = Debug|Any CPU
		{37C4BBC7-8E4B-4E31-9627-D378573A35B4}.Debug|x64.ActiveCfg = Debug|Any CPU
		{37C4BBC7-8E4B-4E31-9627-D378573A35B4}.Debug|x64.Build.0 = Debug|Any CPU
		{37C4BBC7-8E4B-4E31-9627-D378573A35B4}.Debug|x86.ActiveCfg = Debug|Any CPU
		{37C4BBC7-8E4B-4E31-9627-D378573A35B4}.Debug|x86.Build.0 = Debug|Any CPU
		{37C4BBC7-8E4B-4E31-9627-D378573A35B4}.Release|Any CPU.ActiveCfg = Release|Any CPU
		{37C4BBC7-8E4B-4E31-9627-D378573A35B4}.Release|Any CPU.Build.0 = Release|Any CPU
		{37C4BBC7-8E4B-4E31-9627-D378573A35B4}.Release|x64.ActiveCfg = Release|Any CPU
		{37C4BBC7-8E4B-4E31-9627-D378573A35B4}.Release|x64.Build.0 = Release|Any CPU
		{37C4BBC7-8E4B-4E31-9627-D378573A35B4}.Release|x86.ActiveCfg = Release|Any CPU
		{37C4BBC7-8E4B-4E31-9627-D378573A35B4}.Release|x86.Build.0 = Release|Any CPU
		{14D02EF1-4911-4FC9-91F8-F53E8CBEDF8C}.Debug|Any CPU.ActiveCfg = Debug|Any CPU
		{14D02EF1-4911-4FC9-91F8-F53E8CBEDF8C}.Debug|Any CPU.Build.0 = Debug|Any CPU
		{14D02EF1-4911-4FC9-91F8-F53E8CBEDF8C}.Debug|x64.ActiveCfg = Debug|Any CPU
		{14D02EF1-4911-4FC9-91F8-F53E8CBEDF8C}.Debug|x64.Build.0 = Debug|Any CPU
		{14D02EF1-4911-4FC9-91F8-F53E8CBEDF8C}.Debug|x86.ActiveCfg = Debug|Any CPU
		{14D02EF1-4911-4FC9-91F8-F53E8CBEDF8C}.Debug|x86.Build.0 = Debug|Any CPU
		{14D02EF1-4911-4FC9-91F8-F53E8CBEDF8C}.Release|Any CPU.ActiveCfg = Release|Any CPU
		{14D02EF1-4911-4FC9-91F8-F53E8CBEDF8C}.Release|Any CPU.Build.0 = Release|Any CPU
		{14D02EF1-4911-4FC9-91F8-F53E8CBEDF8C}.Release|x64.ActiveCfg = Release|Any CPU
		{14D02EF1-4911-4FC9-91F8-F53E8CBEDF8C}.Release|x64.Build.0 = Release|Any CPU
		{14D02EF1-4911-4FC9-91F8-F53E8CBEDF8C}.Release|x86.ActiveCfg = Release|Any CPU
		{14D02EF1-4911-4FC9-91F8-F53E8CBEDF8C}.Release|x86.Build.0 = Release|Any CPU
		{696AE050-432E-4D9E-9BE0-4F51CB832E75}.Debug|Any CPU.ActiveCfg = Debug|Any CPU
		{696AE050-432E-4D9E-9BE0-4F51CB832E75}.Debug|Any CPU.Build.0 = Debug|Any CPU
		{696AE050-432E-4D9E-9BE0-4F51CB832E75}.Debug|x64.ActiveCfg = Debug|Any CPU
		{696AE050-432E-4D9E-9BE0-4F51CB832E75}.Debug|x64.Build.0 = Debug|Any CPU
		{696AE050-432E-4D9E-9BE0-4F51CB832E75}.Debug|x86.ActiveCfg = Debug|Any CPU
		{696AE050-432E-4D9E-9BE0-4F51CB832E75}.Debug|x86.Build.0 = Debug|Any CPU
		{696AE050-432E-4D9E-9BE0-4F51CB832E75}.Release|Any CPU.ActiveCfg = Release|Any CPU
		{696AE050-432E-4D9E-9BE0-4F51CB832E75}.Release|Any CPU.Build.0 = Release|Any CPU
		{696AE050-432E-4D9E-9BE0-4F51CB832E75}.Release|x64.ActiveCfg = Release|Any CPU
		{696AE050-432E-4D9E-9BE0-4F51CB832E75}.Release|x64.Build.0 = Release|Any CPU
		{696AE050-432E-4D9E-9BE0-4F51CB832E75}.Release|x86.ActiveCfg = Release|Any CPU
		{696AE050-432E-4D9E-9BE0-4F51CB832E75}.Release|x86.Build.0 = Release|Any CPU
		{F7F58732-1BCE-4FD9-803E-3CA7703F7CA8}.Debug|Any CPU.ActiveCfg = Debug|Any CPU
		{F7F58732-1BCE-4FD9-803E-3CA7703F7CA8}.Debug|Any CPU.Build.0 = Debug|Any CPU
		{F7F58732-1BCE-4FD9-803E-3CA7703F7CA8}.Debug|x64.ActiveCfg = Debug|Any CPU
		{F7F58732-1BCE-4FD9-803E-3CA7703F7CA8}.Debug|x64.Build.0 = Debug|Any CPU
		{F7F58732-1BCE-4FD9-803E-3CA7703F7CA8}.Debug|x86.ActiveCfg = Debug|Any CPU
		{F7F58732-1BCE-4FD9-803E-3CA7703F7CA8}.Debug|x86.Build.0 = Debug|Any CPU
		{F7F58732-1BCE-4FD9-803E-3CA7703F7CA8}.Release|Any CPU.ActiveCfg = Release|Any CPU
		{F7F58732-1BCE-4FD9-803E-3CA7703F7CA8}.Release|Any CPU.Build.0 = Release|Any CPU
		{F7F58732-1BCE-4FD9-803E-3CA7703F7CA8}.Release|x64.ActiveCfg = Release|Any CPU
		{F7F58732-1BCE-4FD9-803E-3CA7703F7CA8}.Release|x64.Build.0 = Release|Any CPU
		{F7F58732-1BCE-4FD9-803E-3CA7703F7CA8}.Release|x86.ActiveCfg = Release|Any CPU
		{F7F58732-1BCE-4FD9-803E-3CA7703F7CA8}.Release|x86.Build.0 = Release|Any CPU
		{B79AC1B0-D756-4825-9D4B-DFB294FC8139}.Debug|Any CPU.ActiveCfg = Debug|Any CPU
		{B79AC1B0-D756-4825-9D4B-DFB294FC8139}.Debug|Any CPU.Build.0 = Debug|Any CPU
		{B79AC1B0-D756-4825-9D4B-DFB294FC8139}.Debug|x64.ActiveCfg = Debug|Any CPU
		{B79AC1B0-D756-4825-9D4B-DFB294FC8139}.Debug|x64.Build.0 = Debug|Any CPU
		{B79AC1B0-D756-4825-9D4B-DFB294FC8139}.Debug|x86.ActiveCfg = Debug|Any CPU
		{B79AC1B0-D756-4825-9D4B-DFB294FC8139}.Debug|x86.Build.0 = Debug|Any CPU
		{B79AC1B0-D756-4825-9D4B-DFB294FC8139}.Release|Any CPU.ActiveCfg = Release|Any CPU
		{B79AC1B0-D756-4825-9D4B-DFB294FC8139}.Release|Any CPU.Build.0 = Release|Any CPU
		{B79AC1B0-D756-4825-9D4B-DFB294FC8139}.Release|x64.ActiveCfg = Release|Any CPU
		{B79AC1B0-D756-4825-9D4B-DFB294FC8139}.Release|x64.Build.0 = Release|Any CPU
		{B79AC1B0-D756-4825-9D4B-DFB294FC8139}.Release|x86.ActiveCfg = Release|Any CPU
		{B79AC1B0-D756-4825-9D4B-DFB294FC8139}.Release|x86.Build.0 = Release|Any CPU
		{2AEE593C-8F95-4DCA-9757-178F124DD570}.Debug|Any CPU.ActiveCfg = Debug|Any CPU
		{2AEE593C-8F95-4DCA-9757-178F124DD570}.Debug|Any CPU.Build.0 = Debug|Any CPU
		{2AEE593C-8F95-4DCA-9757-178F124DD570}.Debug|x64.ActiveCfg = Debug|Any CPU
		{2AEE593C-8F95-4DCA-9757-178F124DD570}.Debug|x64.Build.0 = Debug|Any CPU
		{2AEE593C-8F95-4DCA-9757-178F124DD570}.Debug|x86.ActiveCfg = Debug|Any CPU
		{2AEE593C-8F95-4DCA-9757-178F124DD570}.Debug|x86.Build.0 = Debug|Any CPU
		{2AEE593C-8F95-4DCA-9757-178F124DD570}.Release|Any CPU.ActiveCfg = Release|Any CPU
		{2AEE593C-8F95-4DCA-9757-178F124DD570}.Release|Any CPU.Build.0 = Release|Any CPU
		{2AEE593C-8F95-4DCA-9757-178F124DD570}.Release|x64.ActiveCfg = Release|Any CPU
		{2AEE593C-8F95-4DCA-9757-178F124DD570}.Release|x64.Build.0 = Release|Any CPU
		{2AEE593C-8F95-4DCA-9757-178F124DD570}.Release|x86.ActiveCfg = Release|Any CPU
		{2AEE593C-8F95-4DCA-9757-178F124DD570}.Release|x86.Build.0 = Release|Any CPU
	EndGlobalSection
	GlobalSection(SolutionProperties) = preSolution
		HideSolutionNode = FALSE
	EndGlobalSection
	GlobalSection(NestedProjects) = preSolution
		{A5E68760-01BB-48BC-849F-D4A68192E088} = {F4B4327A-96EA-4C86-A389-60BC1F7ECEB4}
		{DC44B98B-22E3-44F5-85D5-7AE4DE182CD1} = {2A66A6B7-DC28-4EF9-9857-C814108DE242}
		{8C99487B-1D7A-43A4-9FB3-372F6BF150A5} = {2A66A6B7-DC28-4EF9-9857-C814108DE242}
		{6ECBCC26-3F71-42F7-BB52-3EBB5DF279A2} = {2A66A6B7-DC28-4EF9-9857-C814108DE242}
		{9E6C7821-A307-4871-8363-D9A1583B9841} = {2A66A6B7-DC28-4EF9-9857-C814108DE242}
		{99E091AA-3160-4DBB-BEB8-37AE08C8117B} = {EE5E4E70-D49F-42BC-9051-A55B84B37FF4}
		{872277FA-7B31-4BFD-BF49-7967D05BEC99} = {E6F72ABA-CE3A-498B-BF3A-2265699A94B2}
		{F20E5EB1-33B2-42D9-914F-B25CC2FF851D} = {ABFD8E12-4F5B-4E77-880E-386FBA066771}
		{FC756113-BAC8-41EB-BF1A-8888B1ABFA2A} = {E6F72ABA-CE3A-498B-BF3A-2265699A94B2}
		{A672A845-FF01-4645-BB76-EC8CF3BB688E} = {E6F72ABA-CE3A-498B-BF3A-2265699A94B2}
		{9EAE2A87-0D3F-4E50-BCDB-F604ADA407AE} = {E6F72ABA-CE3A-498B-BF3A-2265699A94B2}
		{E1168CB2-438F-461B-93A0-C407C70237AB} = {EE5E4E70-D49F-42BC-9051-A55B84B37FF4}
		{A5740716-9322-4D65-A094-E1A7425030CA} = {EE5E4E70-D49F-42BC-9051-A55B84B37FF4}
		{E60E3C54-193A-4E10-9678-3E9195C6B96A} = {EE5E4E70-D49F-42BC-9051-A55B84B37FF4}
		{B993BC74-4A78-4EFA-A082-6A0DC435DAC6} = {E6F72ABA-CE3A-498B-BF3A-2265699A94B2}
		{5FBE1B5D-F056-4E3B-879C-6C93C91BED0C} = {E6F72ABA-CE3A-498B-BF3A-2265699A94B2}
		{FA2EFF75-8A3B-4236-A110-B72E1937C843} = {ABFD8E12-4F5B-4E77-880E-386FBA066771}
		{F24A80DE-D3E3-4844-BDC1-08EAF8472A85} = {ABFD8E12-4F5B-4E77-880E-386FBA066771}
		{37C4BBC7-8E4B-4E31-9627-D378573A35B4} = {ABFD8E12-4F5B-4E77-880E-386FBA066771}
		{14D02EF1-4911-4FC9-91F8-F53E8CBEDF8C} = {F4B4327A-96EA-4C86-A389-60BC1F7ECEB4}
		{696AE050-432E-4D9E-9BE0-4F51CB832E75} = {F4B4327A-96EA-4C86-A389-60BC1F7ECEB4}
		{F7F58732-1BCE-4FD9-803E-3CA7703F7CA8} = {F4B4327A-96EA-4C86-A389-60BC1F7ECEB4}
		{B79AC1B0-D756-4825-9D4B-DFB294FC8139} = {F4B4327A-96EA-4C86-A389-60BC1F7ECEB4}
		{2AEE593C-8F95-4DCA-9757-178F124DD570} = {ABFD8E12-4F5B-4E77-880E-386FBA066771}
	EndGlobalSection
	GlobalSection(ExtensibilityGlobals) = postSolution
		SolutionGuid = {92B0239F-F43E-41C1-81FE-072C85F95A3A}
	EndGlobalSection
EndGlobal
