
Microsoft Visual Studio Solution File, Format Version 12.00
# Visual Studio 15
VisualStudioVersion = 15.0.28010.2041
MinimumVisualStudioVersion = 15.0.26124.0
Project("{2150E333-8FDC-42A3-9474-1A3956D46DE8}") = "ProjectG.ClientService", "ProjectG.ClientService", "{F4B4327A-96EA-4C86-A389-60BC1F7ECEB4}"
EndProject
Project("{9A19103F-16F7-4668-BE54-9A1E7A4F7556}") = "ProjectG.ClientService.Web", "ProjectG.ClientService\ProjectG.ClientService.Web\ProjectG.ClientService.Web.csproj", "{A5E68760-01BB-48BC-849F-D4A68192E088}"
EndProject
Project("{2150E333-8FDC-42A3-9474-1A3956D46DE8}") = "ProjectG.OrderService", "ProjectG.OrderService", "{2A66A6B7-DC28-4EF9-9857-C814108DE242}"
EndProject
Project("{FAE04EC0-301F-11D3-BF4B-00C04F79EFBC}") = "ProjectG.OrderService.WriteApi", "ProjectG.OrderService\ProjectG.OrderService.WriteApi\ProjectG.OrderService.WriteApi.csproj", "{DC44B98B-22E3-44F5-85D5-7AE4DE182CD1}"
EndProject
Project("{FAE04EC0-301F-11D3-BF4B-00C04F79EFBC}") = "ProjectG.OrderService.ReadApi", "ProjectG.OrderService\ProjectG.OrderService.ReadApi\ProjectG.OrderService.ReadApi.csproj", "{8C99487B-1D7A-43A4-9FB3-372F6BF150A5}"
EndProject
Project("{FAE04EC0-301F-11D3-BF4B-00C04F79EFBC}") = "ProjectG.OrderService.Core", "ProjectG.OrderService\ProjectG.OrderService.Core\ProjectG.OrderService.Core.csproj", "{6ECBCC26-3F71-42F7-BB52-3EBB5DF279A2}"
EndProject
Project("{FAE04EC0-301F-11D3-BF4B-00C04F79EFBC}") = "ProjectG.OrderService.Infrastructure.Db", "ProjectG.OrderService\ProjectG.OrderService.Infrastructure.Db\ProjectG.OrderService.Infrastructure.Db.csproj", "{9E6C7821-A307-4871-8363-D9A1583B9841}"
EndProject
Project("{2150E333-8FDC-42A3-9474-1A3956D46DE8}") = "ProjectG.CustomerService", "ProjectG.CustomerService", "{EE5E4E70-D49F-42BC-9051-A55B84B37FF4}"
EndProject
Project("{FAE04EC0-301F-11D3-BF4B-00C04F79EFBC}") = "ProjectG.CustomerService.Api", "ProjectG.CustomerService\ProjectG.CustomerService.Api\ProjectG.CustomerService.Api.csproj", "{99E091AA-3160-4DBB-BEB8-37AE08C8117B}"
EndProject
Project("{2150E333-8FDC-42A3-9474-1A3956D46DE8}") = "ProjectG.ProductService", "ProjectG.ProductService", "{E6F72ABA-CE3A-498B-BF3A-2265699A94B2}"
EndProject
Project("{FAE04EC0-301F-11D3-BF4B-00C04F79EFBC}") = "ProjectG.ProductService.ReadApi", "ProjectG.ProductService\ProjectG.ProductService.ReadApi\ProjectG.ProductService.ReadApi.csproj", "{872277FA-7B31-4BFD-BF49-7967D05BEC99}"
EndProject
Project("{2150E333-8FDC-42A3-9474-1A3956D46DE8}") = "ProjectG.BasketService", "ProjectG.BasketService", "{ABFD8E12-4F5B-4E77-880E-386FBA066771}"
EndProject
Project("{FAE04EC0-301F-11D3-BF4B-00C04F79EFBC}") = "ProjectG.BasketService.Api", "ProjectG.BasketService\ProjectG.BasketService.Api\ProjectG.BasketService.Api.csproj", "{F20E5EB1-33B2-42D9-914F-B25CC2FF851D}"
EndProject
Global
	GlobalSection(SolutionConfigurationPlatforms) = preSolution
		Debug|Any CPU = Debug|Any CPU
		Debug|x64 = Debug|x64
		Debug|x86 = Debug|x86
		Release|Any CPU = Release|Any CPU
		Release|x64 = Release|x64
		Release|x86 = Release|x86
	EndGlobalSection
	GlobalSection(ProjectConfigurationPlatforms) = postSolution
		{A5E68760-01BB-48BC-849F-D4A68192E088}.Debug|Any CPU.ActiveCfg = Debug|Any CPU
		{A5E68760-01BB-48BC-849F-D4A68192E088}.Debug|Any CPU.Build.0 = Debug|Any CPU
		{A5E68760-01BB-48BC-849F-D4A68192E088}.Debug|x64.ActiveCfg = Debug|Any CPU
		{A5E68760-01BB-48BC-849F-D4A68192E088}.Debug|x64.Build.0 = Debug|Any CPU
		{A5E68760-01BB-48BC-849F-D4A68192E088}.Debug|x86.ActiveCfg = Debug|Any CPU
		{A5E68760-01BB-48BC-849F-D4A68192E088}.Debug|x86.Build.0 = Debug|Any CPU
		{A5E68760-01BB-48BC-849F-D4A68192E088}.Release|Any CPU.ActiveCfg = Release|Any CPU
		{A5E68760-01BB-48BC-849F-D4A68192E088}.Release|Any CPU.Build.0 = Release|Any CPU
		{A5E68760-01BB-48BC-849F-D4A68192E088}.Release|x64.ActiveCfg = Release|Any CPU
		{A5E68760-01BB-48BC-849F-D4A68192E088}.Release|x64.Build.0 = Release|Any CPU
		{A5E68760-01BB-48BC-849F-D4A68192E088}.Release|x86.ActiveCfg = Release|Any CPU
		{A5E68760-01BB-48BC-849F-D4A68192E088}.Release|x86.Build.0 = Release|Any CPU
		{DC44B98B-22E3-44F5-85D5-7AE4DE182CD1}.Debug|Any CPU.ActiveCfg = Debug|Any CPU
		{DC44B98B-22E3-44F5-85D5-7AE4DE182CD1}.Debug|Any CPU.Build.0 = Debug|Any CPU
		{DC44B98B-22E3-44F5-85D5-7AE4DE182CD1}.Debug|x64.ActiveCfg = Debug|Any CPU
		{DC44B98B-22E3-44F5-85D5-7AE4DE182CD1}.Debug|x64.Build.0 = Debug|Any CPU
		{DC44B98B-22E3-44F5-85D5-7AE4DE182CD1}.Debug|x86.ActiveCfg = Debug|Any CPU
		{DC44B98B-22E3-44F5-85D5-7AE4DE182CD1}.Debug|x86.Build.0 = Debug|Any CPU
		{DC44B98B-22E3-44F5-85D5-7AE4DE182CD1}.Release|Any CPU.ActiveCfg = Release|Any CPU
		{DC44B98B-22E3-44F5-85D5-7AE4DE182CD1}.Release|Any CPU.Build.0 = Release|Any CPU
		{DC44B98B-22E3-44F5-85D5-7AE4DE182CD1}.Release|x64.ActiveCfg = Release|Any CPU
		{DC44B98B-22E3-44F5-85D5-7AE4DE182CD1}.Release|x64.Build.0 = Release|Any CPU
		{DC44B98B-22E3-44F5-85D5-7AE4DE182CD1}.Release|x86.ActiveCfg = Release|Any CPU
		{DC44B98B-22E3-44F5-85D5-7AE4DE182CD1}.Release|x86.Build.0 = Release|Any CPU
		{8C99487B-1D7A-43A4-9FB3-372F6BF150A5}.Debug|Any CPU.ActiveCfg = Debug|Any CPU
		{8C99487B-1D7A-43A4-9FB3-372F6BF150A5}.Debug|Any CPU.Build.0 = Debug|Any CPU
		{8C99487B-1D7A-43A4-9FB3-372F6BF150A5}.Debug|x64.ActiveCfg = Debug|Any CPU
		{8C99487B-1D7A-43A4-9FB3-372F6BF150A5}.Debug|x64.Build.0 = Debug|Any CPU
		{8C99487B-1D7A-43A4-9FB3-372F6BF150A5}.Debug|x86.ActiveCfg = Debug|Any CPU
		{8C99487B-1D7A-43A4-9FB3-372F6BF150A5}.Debug|x86.Build.0 = Debug|Any CPU
		{8C99487B-1D7A-43A4-9FB3-372F6BF150A5}.Release|Any CPU.ActiveCfg = Release|Any CPU
		{8C99487B-1D7A-43A4-9FB3-372F6BF150A5}.Release|Any CPU.Build.0 = Release|Any CPU
		{8C99487B-1D7A-43A4-9FB3-372F6BF150A5}.Release|x64.ActiveCfg = Release|Any CPU
		{8C99487B-1D7A-43A4-9FB3-372F6BF150A5}.Release|x64.Build.0 = Release|Any CPU
		{8C99487B-1D7A-43A4-9FB3-372F6BF150A5}.Release|x86.ActiveCfg = Release|Any CPU
		{8C99487B-1D7A-43A4-9FB3-372F6BF150A5}.Release|x86.Build.0 = Release|Any CPU
		{6ECBCC26-3F71-42F7-BB52-3EBB5DF279A2}.Debug|Any CPU.ActiveCfg = Debug|Any CPU
		{6ECBCC26-3F71-42F7-BB52-3EBB5DF279A2}.Debug|Any CPU.Build.0 = Debug|Any CPU
		{6ECBCC26-3F71-42F7-BB52-3EBB5DF279A2}.Debug|x64.ActiveCfg = Debug|Any CPU
		{6ECBCC26-3F71-42F7-BB52-3EBB5DF279A2}.Debug|x64.Build.0 = Debug|Any CPU
		{6ECBCC26-3F71-42F7-BB52-3EBB5DF279A2}.Debug|x86.ActiveCfg = Debug|Any CPU
		{6ECBCC26-3F71-42F7-BB52-3EBB5DF279A2}.Debug|x86.Build.0 = Debug|Any CPU
		{6ECBCC26-3F71-42F7-BB52-3EBB5DF279A2}.Release|Any CPU.ActiveCfg = Release|Any CPU
		{6ECBCC26-3F71-42F7-BB52-3EBB5DF279A2}.Release|Any CPU.Build.0 = Release|Any CPU
		{6ECBCC26-3F71-42F7-BB52-3EBB5DF279A2}.Release|x64.ActiveCfg = Release|Any CPU
		{6ECBCC26-3F71-42F7-BB52-3EBB5DF279A2}.Release|x64.Build.0 = Release|Any CPU
		{6ECBCC26-3F71-42F7-BB52-3EBB5DF279A2}.Release|x86.ActiveCfg = Release|Any CPU
		{6ECBCC26-3F71-42F7-BB52-3EBB5DF279A2}.Release|x86.Build.0 = Release|Any CPU
		{9E6C7821-A307-4871-8363-D9A1583B9841}.Debug|Any CPU.ActiveCfg = Debug|Any CPU
		{9E6C7821-A307-4871-8363-D9A1583B9841}.Debug|Any CPU.Build.0 = Debug|Any CPU
		{9E6C7821-A307-4871-8363-D9A1583B9841}.Debug|x64.ActiveCfg = Debug|Any CPU
		{9E6C7821-A307-4871-8363-D9A1583B9841}.Debug|x64.Build.0 = Debug|Any CPU
		{9E6C7821-A307-4871-8363-D9A1583B9841}.Debug|x86.ActiveCfg = Debug|Any CPU
		{9E6C7821-A307-4871-8363-D9A1583B9841}.Debug|x86.Build.0 = Debug|Any CPU
		{9E6C7821-A307-4871-8363-D9A1583B9841}.Release|Any CPU.ActiveCfg = Release|Any CPU
		{9E6C7821-A307-4871-8363-D9A1583B9841}.Release|Any CPU.Build.0 = Release|Any CPU
		{9E6C7821-A307-4871-8363-D9A1583B9841}.Release|x64.ActiveCfg = Release|Any CPU
		{9E6C7821-A307-4871-8363-D9A1583B9841}.Release|x64.Build.0 = Release|Any CPU
		{9E6C7821-A307-4871-8363-D9A1583B9841}.Release|x86.ActiveCfg = Release|Any CPU
		{9E6C7821-A307-4871-8363-D9A1583B9841}.Release|x86.Build.0 = Release|Any CPU
		{99E091AA-3160-4DBB-BEB8-37AE08C8117B}.Debug|Any CPU.ActiveCfg = Debug|Any CPU
		{99E091AA-3160-4DBB-BEB8-37AE08C8117B}.Debug|Any CPU.Build.0 = Debug|Any CPU
		{99E091AA-3160-4DBB-BEB8-37AE08C8117B}.Debug|x64.ActiveCfg = Debug|Any CPU
		{99E091AA-3160-4DBB-BEB8-37AE08C8117B}.Debug|x64.Build.0 = Debug|Any CPU
		{99E091AA-3160-4DBB-BEB8-37AE08C8117B}.Debug|x86.ActiveCfg = Debug|Any CPU
		{99E091AA-3160-4DBB-BEB8-37AE08C8117B}.Debug|x86.Build.0 = Debug|Any CPU
		{99E091AA-3160-4DBB-BEB8-37AE08C8117B}.Release|Any CPU.ActiveCfg = Release|Any CPU
		{99E091AA-3160-4DBB-BEB8-37AE08C8117B}.Release|Any CPU.Build.0 = Release|Any CPU
		{99E091AA-3160-4DBB-BEB8-37AE08C8117B}.Release|x64.ActiveCfg = Release|Any CPU
		{99E091AA-3160-4DBB-BEB8-37AE08C8117B}.Release|x64.Build.0 = Release|Any CPU
		{99E091AA-3160-4DBB-BEB8-37AE08C8117B}.Release|x86.ActiveCfg = Release|Any CPU
		{99E091AA-3160-4DBB-BEB8-37AE08C8117B}.Release|x86.Build.0 = Release|Any CPU
		{872277FA-7B31-4BFD-BF49-7967D05BEC99}.Debug|Any CPU.ActiveCfg = Debug|Any CPU
		{872277FA-7B31-4BFD-BF49-7967D05BEC99}.Debug|Any CPU.Build.0 = Debug|Any CPU
		{872277FA-7B31-4BFD-BF49-7967D05BEC99}.Debug|x64.ActiveCfg = Debug|Any CPU
		{872277FA-7B31-4BFD-BF49-7967D05BEC99}.Debug|x64.Build.0 = Debug|Any CPU
		{872277FA-7B31-4BFD-BF49-7967D05BEC99}.Debug|x86.ActiveCfg = Debug|Any CPU
		{872277FA-7B31-4BFD-BF49-7967D05BEC99}.Debug|x86.Build.0 = Debug|Any CPU
		{872277FA-7B31-4BFD-BF49-7967D05BEC99}.Release|Any CPU.ActiveCfg = Release|Any CPU
		{872277FA-7B31-4BFD-BF49-7967D05BEC99}.Release|Any CPU.Build.0 = Release|Any CPU
		{872277FA-7B31-4BFD-BF49-7967D05BEC99}.Release|x64.ActiveCfg = Release|Any CPU
		{872277FA-7B31-4BFD-BF49-7967D05BEC99}.Release|x64.Build.0 = Release|Any CPU
		{872277FA-7B31-4BFD-BF49-7967D05BEC99}.Release|x86.ActiveCfg = Release|Any CPU
		{872277FA-7B31-4BFD-BF49-7967D05BEC99}.Release|x86.Build.0 = Release|Any CPU
		{F20E5EB1-33B2-42D9-914F-B25CC2FF851D}.Debug|Any CPU.ActiveCfg = Debug|Any CPU
		{F20E5EB1-33B2-42D9-914F-B25CC2FF851D}.Debug|Any CPU.Build.0 = Debug|Any CPU
		{F20E5EB1-33B2-42D9-914F-B25CC2FF851D}.Debug|x64.ActiveCfg = Debug|Any CPU
		{F20E5EB1-33B2-42D9-914F-B25CC2FF851D}.Debug|x64.Build.0 = Debug|Any CPU
		{F20E5EB1-33B2-42D9-914F-B25CC2FF851D}.Debug|x86.ActiveCfg = Debug|Any CPU
		{F20E5EB1-33B2-42D9-914F-B25CC2FF851D}.Debug|x86.Build.0 = Debug|Any CPU
		{F20E5EB1-33B2-42D9-914F-B25CC2FF851D}.Release|Any CPU.ActiveCfg = Release|Any CPU
		{F20E5EB1-33B2-42D9-914F-B25CC2FF851D}.Release|Any CPU.Build.0 = Release|Any CPU
		{F20E5EB1-33B2-42D9-914F-B25CC2FF851D}.Release|x64.ActiveCfg = Release|Any CPU
		{F20E5EB1-33B2-42D9-914F-B25CC2FF851D}.Release|x64.Build.0 = Release|Any CPU
		{F20E5EB1-33B2-42D9-914F-B25CC2FF851D}.Release|x86.ActiveCfg = Release|Any CPU
		{F20E5EB1-33B2-42D9-914F-B25CC2FF851D}.Release|x86.Build.0 = Release|Any CPU
	EndGlobalSection
	GlobalSection(SolutionProperties) = preSolution
		HideSolutionNode = FALSE
	EndGlobalSection
	GlobalSection(NestedProjects) = preSolution
		{A5E68760-01BB-48BC-849F-D4A68192E088} = {F4B4327A-96EA-4C86-A389-60BC1F7ECEB4}
		{DC44B98B-22E3-44F5-85D5-7AE4DE182CD1} = {2A66A6B7-DC28-4EF9-9857-C814108DE242}
		{8C99487B-1D7A-43A4-9FB3-372F6BF150A5} = {2A66A6B7-DC28-4EF9-9857-C814108DE242}
		{6ECBCC26-3F71-42F7-BB52-3EBB5DF279A2} = {2A66A6B7-DC28-4EF9-9857-C814108DE242}
		{9E6C7821-A307-4871-8363-D9A1583B9841} = {2A66A6B7-DC28-4EF9-9857-C814108DE242}
		{99E091AA-3160-4DBB-BEB8-37AE08C8117B} = {EE5E4E70-D49F-42BC-9051-A55B84B37FF4}
		{872277FA-7B31-4BFD-BF49-7967D05BEC99} = {E6F72ABA-CE3A-498B-BF3A-2265699A94B2}
		{F20E5EB1-33B2-42D9-914F-B25CC2FF851D} = {ABFD8E12-4F5B-4E77-880E-386FBA066771}
	EndGlobalSection
	GlobalSection(ExtensibilityGlobals) = postSolution
		SolutionGuid = {92B0239F-F43E-41C1-81FE-072C85F95A3A}
	EndGlobalSection
EndGlobal
